PODS:
  - Alamofire (4.7.2)
  - Kingfisher (4.7.0)
  - ModelMapper (8.0.0)
  - Moya (10.0.2):
    - Moya/Core (= 10.0.2)
  - Moya-ModelMapper (6.0.0):
    - Moya-ModelMapper/Core (= 6.0.0)
  - Moya-ModelMapper/Core (6.0.0):
    - ModelMapper
    - Moya (~> 10.0)
  - Moya-ModelMapper/RxSwift (6.0.0):
    - Moya-ModelMapper/Core
    - Moya/RxSwift (~> 10.0)
    - RxSwift
  - Moya/Core (10.0.2):
    - Alamofire (~> 4.1)
    - Result (~> 3.0)
  - Moya/RxSwift (10.0.2):
    - Moya/Core
    - RxSwift (~> 4.0)
  - Result (3.2.4)
  - RxCocoa (4.1.2):
    - RxSwift (~> 4.0)
  - RxSwift (4.1.2)
  - SnapKit (4.0.0)

DEPENDENCIES:
  - Kingfisher
  - Moya (~> 10.0)
  - Moya-ModelMapper (~> 6.0)
  - Moya-ModelMapper/RxSwift
  - Moya/RxSwift
  - RxCocoa
  - SnapKit

SPEC REPOS:
  https://github.com/cocoapods/specs.git:
    - Alamofire
    - Kingfisher
    - ModelMapper
    - Moya
    - Moya-ModelMapper
    - Result
    - RxCocoa
    - RxSwift
    - SnapKit

SPEC CHECKSUMS:
  Alamofire: e4fa87002c137ba2d8d634d2c51fabcda0d5c223
  Kingfisher: da6b005aa96d37698e3e4f1ccfe96a5b9bbf27d6
  ModelMapper: a258c5f8e1422e0e826c8265a3e89ae1b329c3a6
  Moya: 2b0531a9fef318e0bc484030c3db1e6f279ccb66
  Moya-ModelMapper: c59c0bbd042cf9d1d9b0acf38c5f930956bebed8
  Result: d2d07204ce72856f1fd9130bbe42c35a7b0fea10
  RxCocoa: d88ba0f1f6abf040011a9eb4b539324fc426843a
  RxSwift: e49536837d9901277638493ea537394d4b55f570
  SnapKit: a42d492c16e80209130a3379f73596c3454b7694

PODFILE CHECKSUM: 6d212267b829862c60ef1f18b07caed56c04f703

COCOAPODS: 1.5.2
